
Microsoft Visual Studio Solution File, Format Version 12.00
# Visual Studio Version 17
VisualStudioVersion = 17.8.34330.188
MinimumVisualStudioVersion = 10.0.40219.1
Project("{FAE04EC0-301F-11D3-BF4B-00C04F79EFBC}") = "WebAppBank", "WebAppBank\WebAppBank.csproj", "{5AC3F651-8E9C-47BD-86B9-2658C9DE1836}"
EndProject
Global
	GlobalSection(SolutionConfigurationPlatforms) = preSolution
		Debug|Any CPU = Debug|Any CPU
		Release|Any CPU = Release|Any CPU
	EndGlobalSection
	GlobalSection(ProjectConfigurationPlatforms) = postSolution
		{5AC3F651-8E9C-47BD-86B9-2658C9DE1836}.Debug|Any CPU.ActiveCfg = Debug|Any CPU
		{5AC3F651-8E9C-47BD-86B9-2658C9DE1836}.Debug|Any CPU.Build.0 = Debug|Any CPU
		{5AC3F651-8E9C-47BD-86B9-2658C9DE1836}.Release|Any CPU.ActiveCfg = Release|Any CPU
		{5AC3F651-8E9C-47BD-86B9-2658C9DE1836}.Release|Any CPU.Build.0 = Release|Any CPU
	EndGlobalSection
	GlobalSection(SolutionProperties) = preSolution
		HideSolutionNode = FALSE
	EndGlobalSection
	GlobalSection(ExtensibilityGlobals) = postSolution
		SolutionGuid = {BCC9FAD1-E072-40E7-A447-5B6E26BE5AAE}
	EndGlobalSection
EndGlobal
